// !$*UTF8*$!
{
	archiveVersion = 1;
	classes = {
	};
	objectVersion = 46;
	objects = {

/* Begin PBXBuildFile section */
		954EBD1B1CFD84A500C219F1 /* main.m in Sources */ = {isa = PBXBuildFile; fileRef = 954EBD1A1CFD84A500C219F1 /* main.m */; };
		954EBD1E1CFD84A500C219F1 /* AppDelegate.m in Sources */ = {isa = PBXBuildFile; fileRef = 954EBD1D1CFD84A500C219F1 /* AppDelegate.m */; };
		954EBD211CFD84A500C219F1 /* ViewController.m in Sources */ = {isa = PBXBuildFile; fileRef = 954EBD201CFD84A500C219F1 /* ViewController.m */; };
		954EBD241CFD84A500C219F1 /* Main.storyboard in Resources */ = {isa = PBXBuildFile; fileRef = 954EBD221CFD84A500C219F1 /* Main.storyboard */; };
		954EBD261CFD84A500C219F1 /* Assets.xcassets in Resources */ = {isa = PBXBuildFile; fileRef = 954EBD251CFD84A500C219F1 /* Assets.xcassets */; };
		954EBD291CFD84A500C219F1 /* LaunchScreen.storyboard in Resources */ = {isa = PBXBuildFile; fileRef = 954EBD271CFD84A500C219F1 /* LaunchScreen.storyboard */; };
		954EBD331CFD853B00C219F1 /* Person.m in Sources */ = {isa = PBXBuildFile; fileRef = 954EBD321CFD853B00C219F1 /* Person.m */; };
		954EBD361CFD8CFC00C219F1 /* Dog.m in Sources */ = {isa = PBXBuildFile; fileRef = 954EBD351CFD8CFC00C219F1 /* Dog.m */; };
		954EBD391CFD918F00C219F1 /* XiaoMing.m in Sources */ = {isa = PBXBuildFile; fileRef = 954EBD381CFD918F00C219F1 /* XiaoMing.m */; };
/* End PBXBuildFile section */

/* Begin PBXFileReference section */
		954EBD161CFD84A500C219F1 /* RuntimeTest.app */ = {isa = PBXFileReference; explicitFileType = wrapper.application; includeInIndex = 0; path = RuntimeTest.app; sourceTree = BUILT_PRODUCTS_DIR; };
		954EBD1A1CFD84A500C219F1 /* main.m */ = {isa = PBXFileReference; lastKnownFileType = sourcecode.c.objc; path = main.m; sourceTree = "<group>"; };
		954EBD1C1CFD84A500C219F1 /* AppDelegate.h */ = {isa = PBXFileReference; lastKnownFileType = sourcecode.c.h; path = AppDelegate.h; sourceTree = "<group>"; };
		954EBD1D1CFD84A500C219F1 /* AppDelegate.m */ = {isa = PBXFileReference; lastKnownFileType = sourcecode.c.objc; path = AppDelegate.m; sourceTree = "<group>"; };
		954EBD1F1CFD84A500C219F1 /* ViewController.h */ = {isa = PBXFileReference; lastKnownFileType = sourcecode.c.h; path = ViewController.h; sourceTree = "<group>"; };
		954EBD201CFD84A500C219F1 /* ViewController.m */ = {isa = PBXFileReference; lastKnownFileType = sourcecode.c.objc; path = ViewController.m; sourceTree = "<group>"; };
		954EBD231CFD84A500C219F1 /* Base */ = {isa = PBXFileReference; lastKnownFileType = file.storyboard; name = Base; path = Base.lproj/Main.storyboard; sourceTree = "<group>"; };
		954EBD251CFD84A500C219F1 /* Assets.xcassets */ = {isa = PBXFileReference; lastKnownFileType = folder.assetcatalog; path = Assets.xcassets; sourceTree = "<group>"; };
		954EBD281CFD84A500C219F1 /* Base */ = {isa = PBXFileReference; lastKnownFileType = file.storyboard; name = Base; path = Base.lproj/LaunchScreen.storyboard; sourceTree = "<group>"; };
		954EBD2A1CFD84A500C219F1 /* Info.plist */ = {isa = PBXFileReference; lastKnownFileType = text.plist.xml; path = Info.plist; sourceTree = "<group>"; };
		954EBD311CFD853B00C219F1 /* Person.h */ = {isa = PBXFileReference; fileEncoding = 4; lastKnownFileType = sourcecode.c.h; path = Person.h; sourceTree = "<group>"; };
		954EBD321CFD853B00C219F1 /* Person.m */ = {isa = PBXFileReference; fileEncoding = 4; lastKnownFileType = sourcecode.c.objc; path = Person.m; sourceTree = "<group>"; };
		954EBD341CFD8CFC00C219F1 /* Dog.h */ = {isa = PBXFileReference; fileEncoding = 4; lastKnownFileType = sourcecode.c.h; path = Dog.h; sourceTree = "<group>"; };
		954EBD351CFD8CFC00C219F1 /* Dog.m */ = {isa = PBXFileReference; fileEncoding = 4; lastKnownFileType = sourcecode.c.objc; path = Dog.m; sourceTree = "<group>"; };
		954EBD371CFD918F00C219F1 /* XiaoMing.h */ = {isa = PBXFileReference; fileEncoding = 4; lastKnownFileType = sourcecode.c.h; path = XiaoMing.h; sourceTree = "<group>"; };
		954EBD381CFD918F00C219F1 /* XiaoMing.m */ = {isa = PBXFileReference; fileEncoding = 4; lastKnownFileType = sourcecode.c.objc; path = XiaoMing.m; sourceTree = "<group>"; };
/* End PBXFileReference section */

/* Begin PBXFrameworksBuildPhase section */
		954EBD131CFD84A500C219F1 /* Frameworks */ = {
			isa = PBXFrameworksBuildPhase;
			buildActionMask = 2147483647;
			files = (
			);
			runOnlyForDeploymentPostprocessing = 0;
		};
/* End PBXFrameworksBuildPhase section */

/* Begin PBXGroup section */
		954EBD0D1CFD84A400C219F1 = {
			isa = PBXGroup;
			children = (
				954EBD301CFD851B00C219F1 /* Operation */,
				954EBD181CFD84A500C219F1 /* RuntimeTest */,
				954EBD171CFD84A500C219F1 /* Products */,
			);
			sourceTree = "<group>";
		};
		954EBD171CFD84A500C219F1 /* Products */ = {
			isa = PBXGroup;
			children = (
				954EBD161CFD84A500C219F1 /* RuntimeTest.app */,
			);
			name = Products;
			sourceTree = "<group>";
		};
		954EBD181CFD84A500C219F1 /* RuntimeTest */ = {
			isa = PBXGroup;
			children = (
				954EBD1C1CFD84A500C219F1 /* AppDelegate.h */,
				954EBD1D1CFD84A500C219F1 /* AppDelegate.m */,
				954EBD1F1CFD84A500C219F1 /* ViewController.h */,
				954EBD201CFD84A500C219F1 /* ViewController.m */,
				954EBD221CFD84A500C219F1 /* Main.storyboard */,
				954EBD251CFD84A500C219F1 /* Assets.xcassets */,
				954EBD271CFD84A500C219F1 /* LaunchScreen.storyboard */,
				954EBD2A1CFD84A500C219F1 /* Info.plist */,
				954EBD191CFD84A500C219F1 /* Supporting Files */,
			);
			path = RuntimeTest;
			sourceTree = "<group>";
		};
		954EBD191CFD84A500C219F1 /* Supporting Files */ = {
			isa = PBXGroup;
			children = (
				954EBD1A1CFD84A500C219F1 /* main.m */,
			);
			name = "Supporting Files";
			sourceTree = "<group>";
		};
		954EBD301CFD851B00C219F1 /* Operation */ = {
			isa = PBXGroup;
			children = (
				954EBD311CFD853B00C219F1 /* Person.h */,
				954EBD321CFD853B00C219F1 /* Person.m */,
				954EBD341CFD8CFC00C219F1 /* Dog.h */,
				954EBD351CFD8CFC00C219F1 /* Dog.m */,
				954EBD371CFD918F00C219F1 /* XiaoMing.h */,
				954EBD381CFD918F00C219F1 /* XiaoMing.m */,
			);
			name = Operation;
			sourceTree = "<group>";
		};
/* End PBXGroup section */

/* Begin PBXNativeTarget section */
		954EBD151CFD84A500C219F1 /* RuntimeTest */ = {
			isa = PBXNativeTarget;
			buildConfigurationList = 954EBD2D1CFD84A500C219F1 /* Build configuration list for PBXNativeTarget "RuntimeTest" */;
			buildPhases = (
				954EBD121CFD84A500C219F1 /* Sources */,
				954EBD131CFD84A500C219F1 /* Frameworks */,
				954EBD141CFD84A500C219F1 /* Resources */,
			);
			buildRules = (
			);
			dependencies = (
			);
			name = RuntimeTest;
			productName = RuntimeTest;
			productReference = 954EBD161CFD84A500C219F1 /* RuntimeTest.app */;
			productType = "com.apple.product-type.application";
		};
/* End PBXNativeTarget section */

/* Begin PBXProject section */
		954EBD0E1CFD84A400C219F1 /* Project object */ = {
			isa = PBXProject;
			attributes = {
				LastUpgradeCheck = 0730;
				ORGANIZATIONNAME = linsir;
				TargetAttributes = {
					954EBD151CFD84A500C219F1 = {
						CreatedOnToolsVersion = 7.3.1;
					};
				};
			};
			buildConfigurationList = 954EBD111CFD84A400C219F1 /* Build configuration list for PBXProject "RuntimeTest" */;
			compatibilityVersion = "Xcode 3.2";
			developmentRegion = English;
			hasScannedForEncodings = 0;
			knownRegions = (
				en,
				Base,
			);
			mainGroup = 954EBD0D1CFD84A400C219F1;
			productRefGroup = 954EBD171CFD84A500C219F1 /* Products */;
			projectDirPath = "";
			projectRoot = "";
			targets = (
				954EBD151CFD84A500C219F1 /* RuntimeTest */,
			);
		};
/* End PBXProject section */

/* Begin PBXResourcesBuildPhase section */
		954EBD141CFD84A500C219F1 /* Resources */ = {
			isa = PBXResourcesBuildPhase;
			buildActionMask = 2147483647;
			files = (
				954EBD291CFD84A500C219F1 /* LaunchScreen.storyboard in Resources */,
				954EBD261CFD84A500C219F1 /* Assets.xcassets in Resources */,
				954EBD241CFD84A500C219F1 /* Main.storyboard in Resources */,
			);
			runOnlyForDeploymentPostprocessing = 0;
		};
/* End PBXResourcesBuildPhase section */

/* Begin PBXSourcesBuildPhase section */
		954EBD121CFD84A500C219F1 /* Sources */ = {
			isa = PBXSourcesBuildPhase;
			buildActionMask = 2147483647;
			files = (
				954EBD211CFD84A500C219F1 /* ViewController.m in Sources */,
				954EBD1E1CFD84A500C219F1 /* AppDelegate.m in Sources */,
				954EBD361CFD8CFC00C219F1 /* Dog.m in Sources */,
				954EBD391CFD918F00C219F1 /* XiaoMing.m in Sources */,
				954EBD331CFD853B00C219F1 /* Person.m in Sources */,
				954EBD1B1CFD84A500C219F1 /* main.m in Sources */,
			);
			runOnlyForDeploymentPostprocessing = 0;
		};
/* End PBXSourcesBuildPhase section */

/* Begin PBXVariantGroup section */
		954EBD221CFD84A500C219F1 /* Main.storyboard */ = {
			isa = PBXVariantGroup;
			children = (
				954EBD231CFD84A500C219F1 /* Base */,
			);
			name = Main.storyboard;
			sourceTree = "<group>";
		};
		954EBD271CFD84A500C219F1 /* LaunchScreen.storyboard */ = {
			isa = PBXVariantGroup;
			children = (
				954EBD281CFD84A500C219F1 /* Base */,
			);
			name = LaunchScreen.storyboard;
			sourceTree = "<group>";
		};
/* End PBXVariantGroup section */

/* Begin XCBuildConfiguration section */
		954EBD2B1CFD84A500C219F1 /* Debug */ = {
			isa = XCBuildConfiguration;
			buildSettings = {
				ALWAYS_SEARCH_USER_PATHS = NO;
				CLANG_ANALYZER_NONNULL = YES;
				CLANG_CXX_LANGUAGE_STANDARD = "gnu++0x";
				CLANG_CXX_LIBRARY = "libc++";
				CLANG_ENABLE_MODULES = YES;
				CLANG_ENABLE_OBJC_ARC = YES;
				CLANG_WARN_BOOL_CONVERSION = YES;
				CLANG_WARN_CONSTANT_CONVERSION = YES;
				CLANG_WARN_DIRECT_OBJC_ISA_USAGE = YES_ERROR;
				CLANG_WARN_EMPTY_BODY = YES;
				CLANG_WARN_ENUM_CONVERSION = YES;
				CLANG_WARN_INT_CONVERSION = YES;
				CLANG_WARN_OBJC_ROOT_CLASS = YES_ERROR;
				CLANG_WARN_UNREACHABLE_CODE = YES;
				CLANG_WARN__DUPLICATE_METHOD_MATCH = YES;
				"CODE_SIGN_IDENTITY[sdk=iphoneos*]" = "iPhone Developer";
				COPY_PHASE_STRIP = NO;
				DEBUG_INFORMATION_FORMAT = dwarf;
				ENABLE_STRICT_OBJC_MSGSEND = YES;
				ENABLE_TESTABILITY = YES;
				GCC_C_LANGUAGE_STANDARD = gnu99;
				GCC_DYNAMIC_NO_PIC = NO;
				GCC_NO_COMMON_BLOCKS = YES;
				GCC_OPTIMIZATION_LEVEL = 0;
				GCC_PREPROCESSOR_DEFINITIONS = (
					"DEBUG=1",
					"$(inherited)",
				);
				GCC_WARN_64_TO_32_BIT_CONVERSION = YES;
				GCC_WARN_ABOUT_RETURN_TYPE = YES_ERROR;
				GCC_WARN_UNDECLARED_SELECTOR = YES;
				GCC_WARN_UNINITIALIZED_AUTOS = YES_AGGRESSIVE;
				GCC_WARN_UNUSED_FUNCTION = YES;
				GCC_WARN_UNUSED_VARIABLE = YES;
				IPHONEOS_DEPLOYMENT_TARGET = 9.3;
				MTL_ENABLE_DEBUG_INFO = YES;
				ONLY_ACTIVE_ARCH = YES;
				SDKROOT = iphoneos;
				TARGETED_DEVICE_FAMILY = "1,2";
			};
			name = Debug;
		};
		954EBD2C1CFD84A500C219F1 /* Release */ = {
			isa = XCBuildConfiguration;
			buildSettings = {
				ALWAYS_SEARCH_USER_PATHS = NO;
				CLANG_ANALYZER_NONNULL = YES;
				CLANG_CXX_LANGUAGE_STANDARD = "gnu++0x";
				CLANG_CXX_LIBRARY = "libc++";
				CLANG_ENABLE_MODULES = YES;
				CLANG_ENABLE_OBJC_ARC = YES;
				CLANG_WARN_BOOL_CONVERSION = YES;
				CLANG_WARN_CONSTANT_CONVERSION = YES;
				CLANG_WARN_DIRECT_OBJC_ISA_USAGE = YES_ERROR;
				CLANG_WARN_EMPTY_BODY = YES;
				CLANG_WARN_ENUM_CONVERSION = YES;
				CLANG_WARN_INT_CONVERSION = YES;
				CLANG_WARN_OBJC_ROOT_CLASS = YES_ERROR;
				CLANG_WARN_UNREACHABLE_CODE = YES;
				CLANG_WARN__DUPLICATE_METHOD_MATCH = YES;
				"CODE_SIGN_IDENTITY[sdk=iphoneos*]" = "iPhone Developer";
				COPY_PHASE_STRIP = NO;
				DEBUG_INFORMATION_FORMAT = "dwarf-with-dsym";
				ENABLE_NS_ASSERTIONS = NO;
				ENABLE_STRICT_OBJC_MSGSEND = YES;
				GCC_C_LANGUAGE_STANDARD = gnu99;
				GCC_NO_COMMON_BLOCKS = YES;
				GCC_WARN_64_TO_32_BIT_CONVERSION = YES;
				GCC_WARN_ABOUT_RETURN_TYPE = YES_ERROR;
				GCC_WARN_UNDECLARED_SELECTOR = YES;
				GCC_WARN_UNINITIALIZED_AUTOS = YES_AGGRESSIVE;
				GCC_WARN_UNUSED_FUNCTION = YES;
				GCC_WARN_UNUSED_VARIABLE = YES;
				IPHONEOS_DEPLOYMENT_TARGET = 9.3;
				MTL_ENABLE_DEBUG_INFO = NO;
				SDKROOT = iphoneos;
				TARGETED_DEVICE_FAMILY = "1,2";
				VALIDATE_PRODUCT = YES;
			};
			name = Release;
		};
		954EBD2E1CFD84A500C219F1 /* Debug */ = {
			isa = XCBuildConfiguration;
			buildSettings = {
				ASSETCATALOG_COMPILER_APPICON_NAME = AppIcon;
				INFOPLIST_FILE = RuntimeTest/Info.plist;
				LD_RUNPATH_SEARCH_PATHS = "$(inherited) @executable_path/Frameworks";
				PRODUCT_BUNDLE_IDENTIFIER = ihefe.RuntimeTest;
				PRODUCT_NAME = "$(TARGET_NAME)";
			};
			name = Debug;
		};
		954EBD2F1CFD84A500C219F1 /* Release */ = {
			isa = XCBuildConfiguration;
			buildSettings = {
				ASSETCATALOG_COMPILER_APPICON_NAME = AppIcon;
				INFOPLIST_FILE = RuntimeTest/Info.plist;
				LD_RUNPATH_SEARCH_PATHS = "$(inherited) @executable_path/Frameworks";
				PRODUCT_BUNDLE_IDENTIFIER = ihefe.RuntimeTest;
				PRODUCT_NAME = "$(TARGET_NAME)";
			};
			name = Release;
		};
/* End XCBuildConfiguration section */

/* Begin XCConfigurationList section */
		954EBD111CFD84A400C219F1 /* Build configuration list for PBXProject "RuntimeTest" */ = {
			isa = XCConfigurationList;
			buildConfigurations = (
				954EBD2B1CFD84A500C219F1 /* Debug */,
				954EBD2C1CFD84A500C219F1 /* Release */,
			);
			defaultConfigurationIsVisible = 0;
			defaultConfigurationName = Release;
		};
		954EBD2D1CFD84A500C219F1 /* Build configuration list for PBXNativeTarget "RuntimeTest" */ = {
			isa = XCConfigurationList;
			buildConfigurations = (
				954EBD2E1CFD84A500C219F1 /* Debug */,
				954EBD2F1CFD84A500C219F1 /* Release */,
			);
			defaultConfigurationIsVisible = 0;
		};
/* End XCConfigurationList section */
	};
	rootObject = 954EBD0E1CFD84A400C219F1 /* Project object */;
}
